<Solution>
  <Project Path="Assembly-CSharp-Editor.csproj" />
  <Project Path="Zenject.csproj" />
  <Project Path="Zenject-IntegrationTests.csproj" />
  <Project Path="MerryYellow.CodeAssist.Editor.csproj" />
  <Project Path="Zenject-IntegrationTests-Editor.csproj" />
  <Project Path="Assembly-CSharp.csproj" />
  <Project Path="Zenject-ReflectionBaking-Editor.csproj" />
  <Project Path="Zenject-UnitTests-Editor.csproj" />
  <Project Path="Zenject-Editor.csproj" />
  <Project Path="Unity.VSCode.Editor.csproj" />
  <Project Path="Assembly-CSharp-firstpass.csproj" />
  <Project Path="Leopotam.EcsLite.csproj" />
  <Project Path="Zenject-TestFramework.csproj" />
  <Project Path="Zenject-PoolMonitor-Editor.csproj" />
</Solution>
